// !$*UTF8*$!
{
	archiveVersion = 1;
	classes = {
	};
	objectVersion = 55;
	objects = {

/* Begin PBXBuildFile section */
		0FA04DC77767D5F104053539 /* Pods_UnsplashApp.framework in Frameworks */ = {isa = PBXBuildFile; fileRef = 2206042E384F1E06A94D1CB2 /* Pods_UnsplashApp.framework */; };
		2C4B3875284BA64800428591 /* AppDelegate.swift in Sources */ = {isa = PBXBuildFile; fileRef = 2C4B3874284BA64800428591 /* AppDelegate.swift */; };
		2C4B3877284BA64800428591 /* SceneDelegate.swift in Sources */ = {isa = PBXBuildFile; fileRef = 2C4B3876284BA64800428591 /* SceneDelegate.swift */; };
		2C4B3879284BA64800428591 /* FavoriteViewController.swift in Sources */ = {isa = PBXBuildFile; fileRef = 2C4B3878284BA64800428591 /* FavoriteViewController.swift */; };
		2C4B387E284BA64A00428591 /* Assets.xcassets in Resources */ = {isa = PBXBuildFile; fileRef = 2C4B387D284BA64A00428591 /* Assets.xcassets */; };
		2C4B3881284BA64A00428591 /* LaunchScreen.storyboard in Resources */ = {isa = PBXBuildFile; fileRef = 2C4B387F284BA64A00428591 /* LaunchScreen.storyboard */; };
		2C4B3889284BAF0A00428591 /* TabBarViewController.swift in Sources */ = {isa = PBXBuildFile; fileRef = 2C4B3888284BAF0A00428591 /* TabBarViewController.swift */; };
		2C4B388B284BAFA200428591 /* PhotosCollectionViewController.swift in Sources */ = {isa = PBXBuildFile; fileRef = 2C4B388A284BAFA200428591 /* PhotosCollectionViewController.swift */; };
		2C4B3890284BD4B700428591 /* APICaller.swift in Sources */ = {isa = PBXBuildFile; fileRef = 2C4B388F284BD4B600428591 /* APICaller.swift */; };
		2C4B3893284BE9C700428591 /* SearchRequestResults.swift in Sources */ = {isa = PBXBuildFile; fileRef = 2C4B3892284BE9C700428591 /* SearchRequestResults.swift */; };
		2C4B3896284BF5EA00428591 /* PhotoCell.swift in Sources */ = {isa = PBXBuildFile; fileRef = 2C4B3895284BF5EA00428591 /* PhotoCell.swift */; };
/* End PBXBuildFile section */

/* Begin PBXFileReference section */
		2206042E384F1E06A94D1CB2 /* Pods_UnsplashApp.framework */ = {isa = PBXFileReference; explicitFileType = wrapper.framework; includeInIndex = 0; path = Pods_UnsplashApp.framework; sourceTree = BUILT_PRODUCTS_DIR; };
		2C4B3871284BA64800428591 /* UnsplashApp.app */ = {isa = PBXFileReference; explicitFileType = wrapper.application; includeInIndex = 0; path = UnsplashApp.app; sourceTree = BUILT_PRODUCTS_DIR; };
		2C4B3874284BA64800428591 /* AppDelegate.swift */ = {isa = PBXFileReference; lastKnownFileType = sourcecode.swift; path = AppDelegate.swift; sourceTree = "<group>"; };
		2C4B3876284BA64800428591 /* SceneDelegate.swift */ = {isa = PBXFileReference; lastKnownFileType = sourcecode.swift; path = SceneDelegate.swift; sourceTree = "<group>"; };
		2C4B3878284BA64800428591 /* FavoriteViewController.swift */ = {isa = PBXFileReference; lastKnownFileType = sourcecode.swift; path = FavoriteViewController.swift; sourceTree = "<group>"; };
		2C4B387D284BA64A00428591 /* Assets.xcassets */ = {isa = PBXFileReference; lastKnownFileType = folder.assetcatalog; path = Assets.xcassets; sourceTree = "<group>"; };
		2C4B3880284BA64A00428591 /* Base */ = {isa = PBXFileReference; lastKnownFileType = file.storyboard; name = Base; path = Base.lproj/LaunchScreen.storyboard; sourceTree = "<group>"; };
		2C4B3882284BA64A00428591 /* Info.plist */ = {isa = PBXFileReference; lastKnownFileType = text.plist.xml; path = Info.plist; sourceTree = "<group>"; };
		2C4B3888284BAF0A00428591 /* TabBarViewController.swift */ = {isa = PBXFileReference; lastKnownFileType = sourcecode.swift; path = TabBarViewController.swift; sourceTree = "<group>"; };
		2C4B388A284BAFA200428591 /* PhotosCollectionViewController.swift */ = {isa = PBXFileReference; lastKnownFileType = sourcecode.swift; path = PhotosCollectionViewController.swift; sourceTree = "<group>"; };
		2C4B388F284BD4B600428591 /* APICaller.swift */ = {isa = PBXFileReference; lastKnownFileType = sourcecode.swift; path = APICaller.swift; sourceTree = "<group>"; };
		2C4B3892284BE9C700428591 /* SearchRequestResults.swift */ = {isa = PBXFileReference; lastKnownFileType = sourcecode.swift; path = SearchRequestResults.swift; sourceTree = "<group>"; };
		2C4B3895284BF5EA00428591 /* PhotoCell.swift */ = {isa = PBXFileReference; lastKnownFileType = sourcecode.swift; path = PhotoCell.swift; sourceTree = "<group>"; };
		681D923785A38A0B2EFBB6FB /* Pods-UnsplashApp.release.xcconfig */ = {isa = PBXFileReference; includeInIndex = 1; lastKnownFileType = text.xcconfig; name = "Pods-UnsplashApp.release.xcconfig"; path = "Target Support Files/Pods-UnsplashApp/Pods-UnsplashApp.release.xcconfig"; sourceTree = "<group>"; };
		AC446F200ACAEED9F4B2177A /* Pods-UnsplashApp.debug.xcconfig */ = {isa = PBXFileReference; includeInIndex = 1; lastKnownFileType = text.xcconfig; name = "Pods-UnsplashApp.debug.xcconfig"; path = "Target Support Files/Pods-UnsplashApp/Pods-UnsplashApp.debug.xcconfig"; sourceTree = "<group>"; };
/* End PBXFileReference section */

/* Begin PBXFrameworksBuildPhase section */
		2C4B386E284BA64800428591 /* Frameworks */ = {
			isa = PBXFrameworksBuildPhase;
			buildActionMask = 2147483647;
			files = (
				0FA04DC77767D5F104053539 /* Pods_UnsplashApp.framework in Frameworks */,
			);
			runOnlyForDeploymentPostprocessing = 0;
		};
/* End PBXFrameworksBuildPhase section */

/* Begin PBXGroup section */
		1733052618CBCAB78C8540E4 /* Frameworks */ = {
			isa = PBXGroup;
			children = (
				2206042E384F1E06A94D1CB2 /* Pods_UnsplashApp.framework */,
			);
			name = Frameworks;
			sourceTree = "<group>";
		};
		2C4B3868284BA64800428591 = {
			isa = PBXGroup;
			children = (
				2C4B3873284BA64800428591 /* UnsplashApp */,
				2C4B3872284BA64800428591 /* Products */,
				F45D459F215A8B41CAA42B61 /* Pods */,
				1733052618CBCAB78C8540E4 /* Frameworks */,
			);
			sourceTree = "<group>";
		};
		2C4B3872284BA64800428591 /* Products */ = {
			isa = PBXGroup;
			children = (
				2C4B3871284BA64800428591 /* UnsplashApp.app */,
			);
			name = Products;
			sourceTree = "<group>";
		};
		2C4B3873284BA64800428591 /* UnsplashApp */ = {
			isa = PBXGroup;
			children = (
				2C4B388E284BB49300428591 /* Resources */,
				2C4B388D284BB08700428591 /* Controllers */,
				2C4B3897284BF5F700428591 /* Views */,
				2C4B3894284BED9C00428591 /* Managers */,
				2C4B3891284BD4BE00428591 /* Models */,
				2C4B3882284BA64A00428591 /* Info.plist */,
			);
			path = UnsplashApp;
			sourceTree = "<group>";
		};
		2C4B388D284BB08700428591 /* Controllers */ = {
			isa = PBXGroup;
			children = (
				2C4B3878284BA64800428591 /* FavoriteViewController.swift */,
				2C4B3888284BAF0A00428591 /* TabBarViewController.swift */,
				2C4B388A284BAFA200428591 /* PhotosCollectionViewController.swift */,
			);
			path = Controllers;
			sourceTree = "<group>";
		};
		2C4B388E284BB49300428591 /* Resources */ = {
			isa = PBXGroup;
			children = (
				2C4B387D284BA64A00428591 /* Assets.xcassets */,
				2C4B387F284BA64A00428591 /* LaunchScreen.storyboard */,
				2C4B3874284BA64800428591 /* AppDelegate.swift */,
				2C4B3876284BA64800428591 /* SceneDelegate.swift */,
			);
			path = Resources;
			sourceTree = "<group>";
		};
		2C4B3891284BD4BE00428591 /* Models */ = {
			isa = PBXGroup;
			children = (
				2C4B3892284BE9C700428591 /* SearchRequestResults.swift */,
			);
			path = Models;
			sourceTree = "<group>";
		};
		2C4B3894284BED9C00428591 /* Managers */ = {
			isa = PBXGroup;
			children = (
				2C4B388F284BD4B600428591 /* APICaller.swift */,
			);
			path = Managers;
			sourceTree = "<group>";
		};
		2C4B3897284BF5F700428591 /* Views */ = {
			isa = PBXGroup;
			children = (
				2C4B3895284BF5EA00428591 /* PhotoCell.swift */,
			);
			path = Views;
			sourceTree = "<group>";
		};
		F45D459F215A8B41CAA42B61 /* Pods */ = {
			isa = PBXGroup;
			children = (
				AC446F200ACAEED9F4B2177A /* Pods-UnsplashApp.debug.xcconfig */,
				681D923785A38A0B2EFBB6FB /* Pods-UnsplashApp.release.xcconfig */,
			);
			name = Pods;
			path = Pods;
			sourceTree = "<group>";
		};
/* End PBXGroup section */

/* Begin PBXNativeTarget section */
		2C4B3870284BA64800428591 /* UnsplashApp */ = {
			isa = PBXNativeTarget;
			buildConfigurationList = 2C4B3885284BA64A00428591 /* Build configuration list for PBXNativeTarget "UnsplashApp" */;
			buildPhases = (
				EC36A291BCD9E7880BFF4E7E /* [CP] Check Pods Manifest.lock */,
				2C4B386D284BA64800428591 /* Sources */,
				2C4B386E284BA64800428591 /* Frameworks */,
				2C4B386F284BA64800428591 /* Resources */,
				FE64C8ADD4F74E99BF6C12DD /* [CP] Embed Pods Frameworks */,
			);
			buildRules = (
			);
			dependencies = (
			);
			name = UnsplashApp;
			productName = UnsplashApp;
			productReference = 2C4B3871284BA64800428591 /* UnsplashApp.app */;
			productType = "com.apple.product-type.application";
		};
/* End PBXNativeTarget section */

/* Begin PBXProject section */
		2C4B3869284BA64800428591 /* Project object */ = {
			isa = PBXProject;
			attributes = {
				BuildIndependentTargetsInParallel = 1;
				LastSwiftUpdateCheck = 1320;
				LastUpgradeCheck = 1320;
				TargetAttributes = {
					2C4B3870284BA64800428591 = {
						CreatedOnToolsVersion = 13.2.1;
					};
				};
			};
			buildConfigurationList = 2C4B386C284BA64800428591 /* Build configuration list for PBXProject "UnsplashApp" */;
			compatibilityVersion = "Xcode 13.0";
			developmentRegion = en;
			hasScannedForEncodings = 0;
			knownRegions = (
				en,
				Base,
			);
			mainGroup = 2C4B3868284BA64800428591;
			productRefGroup = 2C4B3872284BA64800428591 /* Products */;
			projectDirPath = "";
			projectRoot = "";
			targets = (
				2C4B3870284BA64800428591 /* UnsplashApp */,
			);
		};
/* End PBXProject section */

/* Begin PBXResourcesBuildPhase section */
		2C4B386F284BA64800428591 /* Resources */ = {
			isa = PBXResourcesBuildPhase;
			buildActionMask = 2147483647;
			files = (
				2C4B3881284BA64A00428591 /* LaunchScreen.storyboard in Resources */,
				2C4B387E284BA64A00428591 /* Assets.xcassets in Resources */,
			);
			runOnlyForDeploymentPostprocessing = 0;
		};
/* End PBXResourcesBuildPhase section */

/* Begin PBXShellScriptBuildPhase section */
		EC36A291BCD9E7880BFF4E7E /* [CP] Check Pods Manifest.lock */ = {
			isa = PBXShellScriptBuildPhase;
			buildActionMask = 2147483647;
			files = (
			);
			inputFileListPaths = (
			);
			inputPaths = (
				"${PODS_PODFILE_DIR_PATH}/Podfile.lock",
				"${PODS_ROOT}/Manifest.lock",
			);
			name = "[CP] Check Pods Manifest.lock";
			outputFileListPaths = (
			);
			outputPaths = (
				"$(DERIVED_FILE_DIR)/Pods-UnsplashApp-checkManifestLockResult.txt",
			);
			runOnlyForDeploymentPostprocessing = 0;
			shellPath = /bin/sh;
			shellScript = "diff \"${PODS_PODFILE_DIR_PATH}/Podfile.lock\" \"${PODS_ROOT}/Manifest.lock\" > /dev/null\nif [ $? != 0 ] ; then\n    # print error to STDERR\n    echo \"error: The sandbox is not in sync with the Podfile.lock. Run 'pod install' or update your CocoaPods installation.\" >&2\n    exit 1\nfi\n# This output is used by Xcode 'outputs' to avoid re-running this script phase.\necho \"SUCCESS\" > \"${SCRIPT_OUTPUT_FILE_0}\"\n";
			showEnvVarsInLog = 0;
		};
		FE64C8ADD4F74E99BF6C12DD /* [CP] Embed Pods Frameworks */ = {
			isa = PBXShellScriptBuildPhase;
			buildActionMask = 2147483647;
			files = (
			);
			inputFileListPaths = (
				"${PODS_ROOT}/Target Support Files/Pods-UnsplashApp/Pods-UnsplashApp-frameworks-${CONFIGURATION}-input-files.xcfilelist",
			);
			name = "[CP] Embed Pods Frameworks";
			outputFileListPaths = (
				"${PODS_ROOT}/Target Support Files/Pods-UnsplashApp/Pods-UnsplashApp-frameworks-${CONFIGURATION}-output-files.xcfilelist",
			);
			runOnlyForDeploymentPostprocessing = 0;
			shellPath = /bin/sh;
			shellScript = "\"${PODS_ROOT}/Target Support Files/Pods-UnsplashApp/Pods-UnsplashApp-frameworks.sh\"\n";
			showEnvVarsInLog = 0;
		};
/* End PBXShellScriptBuildPhase section */

/* Begin PBXSourcesBuildPhase section */
		2C4B386D284BA64800428591 /* Sources */ = {
			isa = PBXSourcesBuildPhase;
			buildActionMask = 2147483647;
			files = (
				2C4B3879284BA64800428591 /* FavoriteViewController.swift in Sources */,
				2C4B3890284BD4B700428591 /* APICaller.swift in Sources */,
				2C4B3875284BA64800428591 /* AppDelegate.swift in Sources */,
				2C4B3889284BAF0A00428591 /* TabBarViewController.swift in Sources */,
				2C4B3896284BF5EA00428591 /* PhotoCell.swift in Sources */,
				2C4B388B284BAFA200428591 /* PhotosCollectionViewController.swift in Sources */,
				2C4B3877284BA64800428591 /* SceneDelegate.swift in Sources */,
				2C4B3893284BE9C700428591 /* SearchRequestResults.swift in Sources */,
			);
			runOnlyForDeploymentPostprocessing = 0;
		};
/* End PBXSourcesBuildPhase section */

/* Begin PBXVariantGroup section */
		2C4B387F284BA64A00428591 /* LaunchScreen.storyboard */ = {
			isa = PBXVariantGroup;
			children = (
				2C4B3880284BA64A00428591 /* Base */,
			);
			name = LaunchScreen.storyboard;
			sourceTree = "<group>";
		};
/* End PBXVariantGroup section */

/* Begin XCBuildConfiguration section */
		2C4B3883284BA64A00428591 /* Debug */ = {
			isa = XCBuildConfiguration;
			buildSettings = {
				ALWAYS_SEARCH_USER_PATHS = NO;
				CLANG_ANALYZER_NONNULL = YES;
				CLANG_ANALYZER_NUMBER_OBJECT_CONVERSION = YES_AGGRESSIVE;
				CLANG_CXX_LANGUAGE_STANDARD = "gnu++17";
				CLANG_CXX_LIBRARY = "libc++";
				CLANG_ENABLE_MODULES = YES;
				CLANG_ENABLE_OBJC_ARC = YES;
				CLANG_ENABLE_OBJC_WEAK = YES;
				CLANG_WARN_BLOCK_CAPTURE_AUTORELEASING = YES;
				CLANG_WARN_BOOL_CONVERSION = YES;
				CLANG_WARN_COMMA = YES;
				CLANG_WARN_CONSTANT_CONVERSION = YES;
				CLANG_WARN_DEPRECATED_OBJC_IMPLEMENTATIONS = YES;
				CLANG_WARN_DIRECT_OBJC_ISA_USAGE = YES_ERROR;
				CLANG_WARN_DOCUMENTATION_COMMENTS = YES;
				CLANG_WARN_EMPTY_BODY = YES;
				CLANG_WARN_ENUM_CONVERSION = YES;
				CLANG_WARN_INFINITE_RECURSION = YES;
				CLANG_WARN_INT_CONVERSION = YES;
				CLANG_WARN_NON_LITERAL_NULL_CONVERSION = YES;
				CLANG_WARN_OBJC_IMPLICIT_RETAIN_SELF = YES;
				CLANG_WARN_OBJC_LITERAL_CONVERSION = YES;
				CLANG_WARN_OBJC_ROOT_CLASS = YES_ERROR;
				CLANG_WARN_QUOTED_INCLUDE_IN_FRAMEWORK_HEADER = YES;
				CLANG_WARN_RANGE_LOOP_ANALYSIS = YES;
				CLANG_WARN_STRICT_PROTOTYPES = YES;
				CLANG_WARN_SUSPICIOUS_MOVE = YES;
				CLANG_WARN_UNGUARDED_AVAILABILITY = YES_AGGRESSIVE;
				CLANG_WARN_UNREACHABLE_CODE = YES;
				CLANG_WARN__DUPLICATE_METHOD_MATCH = YES;
				COPY_PHASE_STRIP = NO;
				DEBUG_INFORMATION_FORMAT = dwarf;
				ENABLE_STRICT_OBJC_MSGSEND = YES;
				ENABLE_TESTABILITY = YES;
				GCC_C_LANGUAGE_STANDARD = gnu11;
				GCC_DYNAMIC_NO_PIC = NO;
				GCC_NO_COMMON_BLOCKS = YES;
				GCC_OPTIMIZATION_LEVEL = 0;
				GCC_PREPROCESSOR_DEFINITIONS = (
					"DEBUG=1",
					"$(inherited)",
				);
				GCC_WARN_64_TO_32_BIT_CONVERSION = YES;
				GCC_WARN_ABOUT_RETURN_TYPE = YES_ERROR;
				GCC_WARN_UNDECLARED_SELECTOR = YES;
				GCC_WARN_UNINITIALIZED_AUTOS = YES_AGGRESSIVE;
				GCC_WARN_UNUSED_FUNCTION = YES;
				GCC_WARN_UNUSED_VARIABLE = YES;
				IPHONEOS_DEPLOYMENT_TARGET = 15.2;
				MTL_ENABLE_DEBUG_INFO = INCLUDE_SOURCE;
				MTL_FAST_MATH = YES;
				ONLY_ACTIVE_ARCH = YES;
				SDKROOT = iphoneos;
				SWIFT_ACTIVE_COMPILATION_CONDITIONS = DEBUG;
				SWIFT_OPTIMIZATION_LEVEL = "-Onone";
			};
			name = Debug;
		};
		2C4B3884284BA64A00428591 /* Release */ = {
			isa = XCBuildConfiguration;
			buildSettings = {
				ALWAYS_SEARCH_USER_PATHS = NO;
				CLANG_ANALYZER_NONNULL = YES;
				CLANG_ANALYZER_NUMBER_OBJECT_CONVERSION = YES_AGGRESSIVE;
				CLANG_CXX_LANGUAGE_STANDARD = "gnu++17";
				CLANG_CXX_LIBRARY = "libc++";
				CLANG_ENABLE_MODULES = YES;
				CLANG_ENABLE_OBJC_ARC = YES;
				CLANG_ENABLE_OBJC_WEAK = YES;
				CLANG_WARN_BLOCK_CAPTURE_AUTORELEASING = YES;
				CLANG_WARN_BOOL_CONVERSION = YES;
				CLANG_WARN_COMMA = YES;
				CLANG_WARN_CONSTANT_CONVERSION = YES;
				CLANG_WARN_DEPRECATED_OBJC_IMPLEMENTATIONS = YES;
				CLANG_WARN_DIRECT_OBJC_ISA_USAGE = YES_ERROR;
				CLANG_WARN_DOCUMENTATION_COMMENTS = YES;
				CLANG_WARN_EMPTY_BODY = YES;
				CLANG_WARN_ENUM_CONVERSION = YES;
				CLANG_WARN_INFINITE_RECURSION = YES;
				CLANG_WARN_INT_CONVERSION = YES;
				CLANG_WARN_NON_LITERAL_NULL_CONVERSION = YES;
				CLANG_WARN_OBJC_IMPLICIT_RETAIN_SELF = YES;
				CLANG_WARN_OBJC_LITERAL_CONVERSION = YES;
				CLANG_WARN_OBJC_ROOT_CLASS = YES_ERROR;
				CLANG_WARN_QUOTED_INCLUDE_IN_FRAMEWORK_HEADER = YES;
				CLANG_WARN_RANGE_LOOP_ANALYSIS = YES;
				CLANG_WARN_STRICT_PROTOTYPES = YES;
				CLANG_WARN_SUSPICIOUS_MOVE = YES;
				CLANG_WARN_UNGUARDED_AVAILABILITY = YES_AGGRESSIVE;
				CLANG_WARN_UNREACHABLE_CODE = YES;
				CLANG_WARN__DUPLICATE_METHOD_MATCH = YES;
				COPY_PHASE_STRIP = NO;
				DEBUG_INFORMATION_FORMAT = "dwarf-with-dsym";
				ENABLE_NS_ASSERTIONS = NO;
				ENABLE_STRICT_OBJC_MSGSEND = YES;
				GCC_C_LANGUAGE_STANDARD = gnu11;
				GCC_NO_COMMON_BLOCKS = YES;
				GCC_WARN_64_TO_32_BIT_CONVERSION = YES;
				GCC_WARN_ABOUT_RETURN_TYPE = YES_ERROR;
				GCC_WARN_UNDECLARED_SELECTOR = YES;
				GCC_WARN_UNINITIALIZED_AUTOS = YES_AGGRESSIVE;
				GCC_WARN_UNUSED_FUNCTION = YES;
				GCC_WARN_UNUSED_VARIABLE = YES;
				IPHONEOS_DEPLOYMENT_TARGET = 15.2;
				MTL_ENABLE_DEBUG_INFO = NO;
				MTL_FAST_MATH = YES;
				SDKROOT = iphoneos;
				SWIFT_COMPILATION_MODE = wholemodule;
				SWIFT_OPTIMIZATION_LEVEL = "-O";
				VALIDATE_PRODUCT = YES;
			};
			name = Release;
		};
		2C4B3886284BA64A00428591 /* Debug */ = {
			isa = XCBuildConfiguration;
			baseConfigurationReference = AC446F200ACAEED9F4B2177A /* Pods-UnsplashApp.debug.xcconfig */;
			buildSettings = {
				ASSETCATALOG_COMPILER_APPICON_NAME = AppIcon;
				ASSETCATALOG_COMPILER_GLOBAL_ACCENT_COLOR_NAME = AccentColor;
				CODE_SIGN_STYLE = Automatic;
				CURRENT_PROJECT_VERSION = 1;
				DEVELOPMENT_TEAM = 69S65245DU;
				GENERATE_INFOPLIST_FILE = YES;
				INFOPLIST_FILE = UnsplashApp/Info.plist;
				INFOPLIST_KEY_UIApplicationSupportsIndirectInputEvents = YES;
				INFOPLIST_KEY_UILaunchStoryboardName = LaunchScreen;
				INFOPLIST_KEY_UISupportedInterfaceOrientations_iPad = "UIInterfaceOrientationPortrait UIInterfaceOrientationPortraitUpsideDown UIInterfaceOrientationLandscapeLeft UIInterfaceOrientationLandscapeRight";
				INFOPLIST_KEY_UISupportedInterfaceOrientations_iPhone = "UIInterfaceOrientationPortrait UIInterfaceOrientationLandscapeLeft UIInterfaceOrientationLandscapeRight";
				IPHONEOS_DEPLOYMENT_TARGET = 13.2;
				LD_RUNPATH_SEARCH_PATHS = (
					"$(inherited)",
					"@executable_path/Frameworks",
				);
				MARKETING_VERSION = 1.0;
				PRODUCT_BUNDLE_IDENTIFIER = choney.UnsplashApp;
				PRODUCT_NAME = "$(TARGET_NAME)";
				SWIFT_EMIT_LOC_STRINGS = YES;
				SWIFT_VERSION = 5.0;
				TARGETED_DEVICE_FAMILY = "1,2";
			};
			name = Debug;
		};
		2C4B3887284BA64A00428591 /* Release */ = {
			isa = XCBuildConfiguration;
			baseConfigurationReference = 681D923785A38A0B2EFBB6FB /* Pods-UnsplashApp.release.xcconfig */;
			buildSettings = {
				ASSETCATALOG_COMPILER_APPICON_NAME = AppIcon;
				ASSETCATALOG_COMPILER_GLOBAL_ACCENT_COLOR_NAME = AccentColor;
				CODE_SIGN_STYLE = Automatic;
				CURRENT_PROJECT_VERSION = 1;
				DEVELOPMENT_TEAM = 69S65245DU;
				GENERATE_INFOPLIST_FILE = YES;
				INFOPLIST_FILE = UnsplashApp/Info.plist;
				INFOPLIST_KEY_UIApplicationSupportsIndirectInputEvents = YES;
				INFOPLIST_KEY_UILaunchStoryboardName = LaunchScreen;
				INFOPLIST_KEY_UISupportedInterfaceOrientations_iPad = "UIInterfaceOrientationPortrait UIInterfaceOrientationPortraitUpsideDown UIInterfaceOrientationLandscapeLeft UIInterfaceOrientationLandscapeRight";
				INFOPLIST_KEY_UISupportedInterfaceOrientations_iPhone = "UIInterfaceOrientationPortrait UIInterfaceOrientationLandscapeLeft UIInterfaceOrientationLandscapeRight";
				IPHONEOS_DEPLOYMENT_TARGET = 13.2;
				LD_RUNPATH_SEARCH_PATHS = (
					"$(inherited)",
					"@executable_path/Frameworks",
				);
				MARKETING_VERSION = 1.0;
				PRODUCT_BUNDLE_IDENTIFIER = choney.UnsplashApp;
				PRODUCT_NAME = "$(TARGET_NAME)";
				SWIFT_EMIT_LOC_STRINGS = YES;
				SWIFT_VERSION = 5.0;
				TARGETED_DEVICE_FAMILY = "1,2";
			};
			name = Release;
		};
/* End XCBuildConfiguration section */

/* Begin XCConfigurationList section */
		2C4B386C284BA64800428591 /* Build configuration list for PBXProject "UnsplashApp" */ = {
			isa = XCConfigurationList;
			buildConfigurations = (
				2C4B3883284BA64A00428591 /* Debug */,
				2C4B3884284BA64A00428591 /* Release */,
			);
			defaultConfigurationIsVisible = 0;
			defaultConfigurationName = Release;
		};
		2C4B3885284BA64A00428591 /* Build configuration list for PBXNativeTarget "UnsplashApp" */ = {
			isa = XCConfigurationList;
			buildConfigurations = (
				2C4B3886284BA64A00428591 /* Debug */,
				2C4B3887284BA64A00428591 /* Release */,
			);
			defaultConfigurationIsVisible = 0;
			defaultConfigurationName = Release;
		};
/* End XCConfigurationList section */
	};
	rootObject = 2C4B3869284BA64800428591 /* Project object */;
}
